
Microsoft Visual Studio Solution File, Format Version 12.00
# Visual Studio 15
VisualStudioVersion = 15.0.26730.15
MinimumVisualStudioVersion = 10.0.40219.1
Project("{FAE04EC0-301F-11D3-BF4B-00C04F79EFBC}") = "Mustachio.Tests", "Mustachio.Tests\Mustachio.Tests.csproj", "{29EB8E0D-5490-4886-857E-31695DE45B1B}"
EndProject
Project("{FAE04EC0-301F-11D3-BF4B-00C04F79EFBC}") = "Mustachio", "Mustachio\Mustachio.csproj", "{19E25C56-68A0-406A-9447-DCF64BE07D1E}"
EndProject
Global
	GlobalSection(SolutionConfigurationPlatforms) = preSolution
		Debug|Any CPU = Debug|Any CPU
		Release|Any CPU = Release|Any CPU
	EndGlobalSection
	GlobalSection(ProjectConfigurationPlatforms) = postSolution
		{29EB8E0D-5490-4886-857E-31695DE45B1B}.Debug|Any CPU.ActiveCfg = Debug|Any CPU
		{29EB8E0D-5490-4886-857E-31695DE45B1B}.Debug|Any CPU.Build.0 = Debug|Any CPU
		{29EB8E0D-5490-4886-857E-31695DE45B1B}.Release|Any CPU.ActiveCfg = Release|Any CPU
		{29EB8E0D-5490-4886-857E-31695DE45B1B}.Release|Any CPU.Build.0 = Release|Any CPU
		{19E25C56-68A0-406A-9447-DCF64BE07D1E}.Debug|Any CPU.ActiveCfg = Debug|Any CPU
		{19E25C56-68A0-406A-9447-DCF64BE07D1E}.Debug|Any CPU.Build.0 = Debug|Any CPU
		{19E25C56-68A0-406A-9447-DCF64BE07D1E}.Release|Any CPU.ActiveCfg = Release|Any CPU
		{19E25C56-68A0-406A-9447-DCF64BE07D1E}.Release|Any CPU.Build.0 = Release|Any CPU
	EndGlobalSection
	GlobalSection(SolutionProperties) = preSolution
		HideSolutionNode = FALSE
	EndGlobalSection
	GlobalSection(ExtensibilityGlobals) = postSolution
		SolutionGuid = {E2367C4D-DD96-4461-AC5E-0799778549CB}
	EndGlobalSection
EndGlobal
